# Hash-pinned export of all dependency groups from authoritative uv.lock.
# Generated with uv 0.8.11; do not edit by hand.
# Regenerate with the command documented in docs/ENVIRONMENT.md.
adjusttext==1.4.0 \
    --hash=sha256:1f73860ced8cccce3f85ee6989ca133c2579b67a7453f63dbeb38f39bf123154 \
    --hash=sha256:6febd6484c0d45c39a22f44b2c1f4a8cd01ef58fada565cab4b629c771df79b5
annotated-types==0.8.0 \
    --hash=sha256:13b2beaad985e05e2d6407ee4c4f35590b11f8d693a258a561055cac8f64cab7 \
    --hash=sha256:f072f4d804ea359e4eaf198b1af7a8b0943881a87f31bb764f8bf219bb9419e0
argparse-dataclass==2.0.0 \
    --hash=sha256:09ab641c914a2f12882337b9c3e5086196dbf2ee6bf0ef67895c74002cc9297f \
    --hash=sha256:3ffc8852a88d9d98d1364b4441a712491320afb91fb56049afd8a51d74bb52d2
attrs==26.1.0 \
    --hash=sha256:c647aa4a12dfbad9333ca4e71fe62ddc36f4e63b2d260a37a8b83d2f043ac309 \
    --hash=sha256:d03ceb89cb322a8fd706d4fb91940737b6642aa36998fe130a9bc96c985eff32
cairocffi==1.7.1 \
    --hash=sha256:2e48ee864884ec4a3a34bfa8c9ab9999f688286eb714a15a43ec9d068c36557b \
    --hash=sha256:9803a0e11f6c962f3b0ae2ec8ba6ae45e957a146a004697a1ac1bbf16b073b3f
cairosvg==2.9.0 \
    --hash=sha256:1debb00cd2da11350d8b6f5ceb739f1b539196d71d5cf5eb7363dbd1bfbc8dc5 \
    --hash=sha256:4b82d07d145377dffdfc19d9791bd5fb65539bb4da0adecf0bdbd9cd4ffd7c68
certifi==2026.7.22 \
    --hash=sha256:62f22742b58a1a33014a2b6b706588a8d7e2a88ae7bd1a6ebe8c992928483775 \
    --hash=sha256:741e2c3b351ddf169a738da9f2c048608ff7f2c5cc02f1ebc6b118bb090d5d55
cffi==2.1.1 \
    --hash=sha256:046bfc24911b37851ee1b51aab8bffe713d89c68c6a057b09484ce9fd5f69b4e \
    --hash=sha256:208f941bb9d18e768138677f0a6d2ce01f590df56043dda1df1535ac57c88517 \
    --hash=sha256:210019b6c7cf07f081b4c54635c8cf744377001350e29cc0f81c4377b4797735 \
    --hash=sha256:3143d81e29e1e20a9ce10901ec369012947876596f75a222235965f2b7ae832e \
    --hash=sha256:4a7c934f7360e8cd64fe9efadcbd10c7c6364f531e432b9a4bf5ccbc9e0e8b50 \
    --hash=sha256:68e62fe11f30d5ca8289242866f0a5291402d8529ca2178ab8afc5c9694ae890 \
    --hash=sha256:7bde5e4cc5c10140859842b9d383af292b22639a4dffb725314baf45968cef80 \
    --hash=sha256:811bd1e21d32de12efca32393a0ab3f5133b54fce9bd44b8bd77ab07da14bf6a \
    --hash=sha256:c1453022f490d2459a11819d83ad1d586e9ff65a12ac3e705ffebd46d3685dcf \
    --hash=sha256:c8c69575568085ba0b1b10c0249d779a214aea6f6522e949a0fc9fb0fcb449d0 \
    --hash=sha256:dd31f52ea1086513bb9df30f8fcee9b8918323ae067a3d5b78bc826a000712be \
    --hash=sha256:f53e442b08449d42821fa4a4fba000095af9f62742a500f978a9f557ec44339a \
    --hash=sha256:f81b3b8f3d4e343550fa4baa0e479bba9f2d29ce9c2e9b51d1ce1718d7442fcf
charset-normalizer==3.4.9 \
    --hash=sha256:03d07803992c6c7bbc976327f34b18b6160327fc81cb82c9d504720ac0be3b62 \
    --hash=sha256:45b0cc4e3556cd875e09102988d1ab8356c998b596c9fced84547c8138b487a0 \
    --hash=sha256:4b3dac63058cc36820b0dd072f89898604e2d39686fe05321729d00d8ac185a0 \
    --hash=sha256:5e226f6218febc71f6c1fc2fafb91c226f75bdc1d8fb12d66823716e891608fd \
    --hash=sha256:60f44ade2cf573dad7a277e6f8ca9a51a21dda572b13bd7d8539bb3cd5dbedde \
    --hash=sha256:673611bbd43f0810bec0b0f028ddeaaa501190339cac411f347ac76917c3ae7b \
    --hash=sha256:68e5f26a1ad57ded6d1cfb85331d1c1a195314756471d97758c48498bb4dcdf5 \
    --hash=sha256:78841cccf1af7b40f6f716338d50c0902dbe88d9f800b3c973b7a9a0a693a642 \
    --hash=sha256:78fa18e436a1a0e58dbd7e02fc4473f3f32cceb12df9dfca542d075961c307d2 \
    --hash=sha256:7b86a2b16095d250c6f58b3d9b2eee6f4147754344f3dab0922f7c9bf7d226c9 \
    --hash=sha256:90c44bc373b7687f6948b693cceaea1348ae0975d7474746559494468e3c1d84 \
    --hash=sha256:9104ed0bd76a429d46f9ec0dbc9b08ad1d2dcdf2b00a5a0daa1c145329b35b44 \
    --hash=sha256:9b2aff1c7b3884512b9512c3eaadd9bab39fb45042ffaaa1dd08ff2b9f8109d9 \
    --hash=sha256:9cdef90ae47919cae358d8ab15797a800ed41da7aba5d72419fb510729e2ed4b \
    --hash=sha256:a1786910334ed46ab1dd73222f2cd1e05c2c3bb39f6dddb4f8b36fc382058a39
cmcrameri==1.10 \
    --hash=sha256:0ccc9970fe35d74543bb8aeca5a5a97d8a09de71d2237d1bb714c9968cc2018d \
    --hash=sha256:38a776359040674cb4028695faf0121d0ccadb40eee0c9834eb4947674962b7e
colorama==0.4.6 ; sys_platform == 'win32' \
    --hash=sha256:08695f5cb7ed6e0531a20572697297273c47b8cae5a63ffc6d6ed5c201be6e44 \
    --hash=sha256:4f1d9991f5acc0ca119f9d443620b77f9d6b33703e51011c16baf57afb285fc6
colorspacious==1.1.2 \
    --hash=sha256:5e9072e8cdca889dac445c35c9362a22ccf758e97b00b79ff0d5a7ba3e11b618 \
    --hash=sha256:c78befa603cea5dccb332464e7dd29e96469eebf6cd5133029153d1e69e3fd6f
conda-inject==1.3.2 \
    --hash=sha256:0b8cde8c47998c118d8ff285a04977a3abcf734caf579c520fca469df1cd0aac \
    --hash=sha256:6e641b408980c2814e3e527008c30749117909a21ff47392f07ef807da93a564
configargparse==1.7.5 \
    --hash=sha256:1e63fdffedf94da9cd435fc13a1cd24777e76879dd2343912c1f871d4ac8c592 \
    --hash=sha256:e3f9a7bb6be34d66b2e3c4a2f58e3045f8dfae47b0dc039f87bcfaa0f193fb0f
connection-pool==0.0.3 \
    --hash=sha256:bf429e7aef65921c69b4ed48f3d48d3eac1383b05d2df91884705842d974d0dc
contourpy==1.3.3 \
    --hash=sha256:023b44101dfe49d7d53932be418477dba359649246075c996866106da069af69 \
    --hash=sha256:07ce5ed73ecdc4a03ffe3e1b3e3c1166db35ae7584be76f65dbbe28a7791b0cc \
    --hash=sha256:083e12155b210502d0bca491432bb04d56dc3432f95a979b429f2848c3dbe880 \
    --hash=sha256:451e71b5a7d597379ef572de31eeb909a87246974d960049a9848c3bc6c41bf7 \
    --hash=sha256:459c1f020cd59fcfe6650180678a9993932d80d44ccde1fa1868977438f0b411 \
    --hash=sha256:4d00e655fcef08aba35ec9610536bfe90267d7ab5ba944f7032549c55a146da1 \
    --hash=sha256:556dba8fb6f5d8742f2923fe9457dbdd51e1049c4a43fd3986a0b14a1d815fc6 \
    --hash=sha256:626d60935cf668e70a5ce6ff184fd713e9683fb458898e4249b63be9e28286ea \
    --hash=sha256:8153b8bfc11e1e4d75bcb0bff1db232f9e10b274e0929de9d608027e0d34ff8b \
    --hash=sha256:92d9abc807cf7d0e047b95ca5d957cf4792fcd04e920ca70d48add15c1a90ea7 \
    --hash=sha256:b08a32ea2f8e42cf1d4be3169a98dd4be32bafe4f22b6c4cb4ba810fa9e5d2cb \
    --hash=sha256:b2e8faa0ed68cb29af51edd8e24798bb661eac3bd9f65420c1887b6ca89987c8
cssselect2==0.9.0 \
    --hash=sha256:6a99e5f91f9a016a304dd929b0966ca464bcfda15177b6fb4a118fc0fb5d9563 \
    --hash=sha256:759aa22c216326356f65e62e791d66160a0f9c91d1424e8d8adc5e74dddfc6fb
cycler==0.12.1 \
    --hash=sha256:85cef7cff222d8644161529808465972e51340599459b8ac3ccbac5a854e0d30 \
    --hash=sha256:88bb128f02ba341da8ef447245a9e138fae777f6a23943da4540077d3601eb1c
defusedxml==0.7.1 \
    --hash=sha256:1bb3032db185915b62d7c6209c5a8792be6a32ab2fedacc84e01b52c51aa3e69 \
    --hash=sha256:a352e7e428770286cc899e2542b6cdaedb2b4953ff269a210103ec58f6198a61
docutils==0.22.4 \
    --hash=sha256:4db53b1fde9abecbb74d91230d32ab626d94f6badfc575d6db9194a49df29968 \
    --hash=sha256:d0013f540772d1420576855455d050a2180186c91c15779301ac2ccb3eeb68de
dpath==2.2.0 \
    --hash=sha256:34f7e630dc55ea3f219e555726f5da4b4b25f2200319c8e6902c394258dd6a3e \
    --hash=sha256:b330a375ded0a0d2ed404440f6c6a715deae5313af40bbb01c8a41d891900576
et-xmlfile==2.0.0 \
    --hash=sha256:7a91720bc756843502c3b7504c77b8fe44217c85c537d85037f0f536151b2caa \
    --hash=sha256:dab3f4764309081ce75662649be815c4c9081e88f0837825f90fd28317d4da54
fastjsonschema==2.22.1 \
    --hash=sha256:0b83d1ce8d7845b959dcb20e1a5c3c8883b6541d9c52ab02cce5166b75ec805f \
    --hash=sha256:cf377ff5c9a6f4f3125fb35f75a2c5767bd824ffbcf62c209a93cd48d1453999
fonttools==4.63.0 \
    --hash=sha256:27fdc65af8da6f88b9c6121c47a464cbe359fcfff7ff6fc2d37a1f395d755b78 \
    --hash=sha256:37dd23e621e3b0aef1baa70a303b80aaf38449632cfc8fd2a55fb285bbccfc02 \
    --hash=sha256:445af2eab030a16b9171ea8bdda7ebf7d96bda2df88ee182a464252f6e05e20d \
    --hash=sha256:58dc6bb86a78d782f00f9190ca02c119cf5bbe2807536e361e18d42019f877d8 \
    --hash=sha256:59ac449f8cca9b4ffa08d2e7bbadad87ce710d69d1eda5c3c1ce579baa987272 \
    --hash=sha256:a9faff9e0c1f76f9fd55899d2ce785832efebab37eb8ae13995853aef178bef0 \
    --hash=sha256:af2fd1664d00a397d75f806985ddb36282091c2131a73a6485c23b4a34722263 \
    --hash=sha256:caeb583deeb5168e694b65cda8b4ee62abedfa66cf88488734466f2366b9c4e0 \
    --hash=sha256:ee08ebfa58f6e1aeff5697ab9582105bb620008c1caafb681e4c557e7483027b \
    --hash=sha256:ef3048ef05dbb552b89817713d9cac912e00d0fde4a3105c00d29e52e10c89af
gekko==1.3.2 \
    --hash=sha256:a399cd9f896c864adbdfbb9dd052f957d106f454e0a711bd53db696c889ace7e \
    --hash=sha256:d1ae9a096eb496f16df8f42a3dba7dcea59e2d17bf9a7d6d2b9187a06959e00a
gitdb==4.0.12 \
    --hash=sha256:5ef71f855d191a3326fcfbc0d5da835f26b13fbcba60c32c21091c349ffdb571 \
    --hash=sha256:67073e15955400952c6565cc3e707c554a4eea2e428946f7a4c162fab9bd9bcf
gitpython==3.1.58 \
    --hash=sha256:621416df10ef3fd0e19fabf9172ddeed0fa704d353d04f194eec56a625a95b22 \
    --hash=sha256:d331e722577f0fd7fc1f857419b3ecc07af66282b933d2a4d95f84a042fdd50f
greenlet==3.5.4 ; platform_machine == 'AMD64' or platform_machine == 'WIN32' or platform_machine == 'aarch64' or platform_machine == 'amd64' or platform_machine == 'ppc64le' or platform_machine == 'win32' or platform_machine == 'x86_64' \
    --hash=sha256:0232ae1de90a8e07867bb127d7a6ba2301e859145489f25cda8a6096dabe1d20 \
    --hash=sha256:13b980043cb1b3134e81ea469da1250ddcc6bfe6d245bbaa59168d9cdc8f228f \
    --hash=sha256:3d66250e8b09f182ede05490998c818b5961f7a3640332d44c4927caec7bbfe4 \
    --hash=sha256:42afdc1ab5f66da8c586c32af9224a74a706b4f0ea0dc3a4188a0860a09c65c9 \
    --hash=sha256:60149df8f462d1b230038e6590c23c3b4768bb5d6c022b3b6e82532b34b0b8a3 \
    --hash=sha256:77d6ce04fed0d9aeed42e0f37923cc43eba9b027bdd9c34546bb4ccd143d0fe0 \
    --hash=sha256:791fdfeeb9c6e0c7b10fa151bf110d2a6974866f13dcb5b1c7efae698245893a \
    --hash=sha256:b7a5f095767c4493afcd06067f2bb3b8716e3f3f9e92b99c88e7e99f885b3d4d \
    --hash=sha256:b7c895310363f310361e0fe2072af85269d2a2a285cd04c0c59e79a5e3670dcf \
    --hash=sha256:c90e930c9c192e5b3ee9fb8bcd920ea3926155e2e3ded39fc697323addecee17 \
    --hash=sha256:f88193799d43dbf8c8a806d6405c9c52fe2af40bf75072a606357b33cc336c7f
humanfriendly==10.0 \
    --hash=sha256:1697e1a8a8f550fd43c2865cd84542fc175a61dcb779b6fee18cf6b6ccba1477 \
    --hash=sha256:6b0b831ce8f15f7300721aa49829fc4e83921a9a301cc7f606be6686a2288ddc
idna==3.18 \
    --hash=sha256:7f952cbe720b688055e3f87de14f5c3e5fdaa8bc3928985c4077ca689de849a2 \
    --hash=sha256:ffb385a7e039654cef1ab9ef32c6fafe283c0c0467bba1d9029738ce4a14a848
imageio==2.37.4 \
    --hash=sha256:1ab2e22c8debf700f24c3ac43e8f95f3b3a8110c83b93411e97b4b0b2cd1c7e6 \
    --hash=sha256:e45cbc5e83502047fb138f7f585f7f105a136a57eea5f4b3cfc6ce1b52720bd3
immutables==0.21 \
    --hash=sha256:461dcb0f58a131045155e52a2c43de6ec2fe5ba19bdced6858a3abb63cee5111 \
    --hash=sha256:8b10139b529a460e53fe8be699ebd848c54c8a33ebe67763bcfcc809a475a26f \
    --hash=sha256:b48b116aaca4500398058b5a87814857a60c4cb09417fecc12d7da0f5639b73d \
    --hash=sha256:b55ffaf0449790242feb4c56ab799ea7af92801a0a43f9e2f4f8af2ab24dfc4a \
    --hash=sha256:ce604f81d9d8f26e60b52ebcb56bb5c0462c8ea50fb17868487d15f048a2f13e \
    --hash=sha256:dad7c0c74b285cc0e555ec0e97acbdc6f1862fcd16b99abd612df3243732e741 \
    --hash=sha256:e44346e2221a5a676c880ca8e0e6429fa24d1a4ae562573f5c04d7f2e759b030 \
    --hash=sha256:ef1ed262094b755903122c3c3a83ad0e0d5c3ab7887cda12b2fe878769d1ee0d \
    --hash=sha256:fc512d808662614feb17d2d92e98f611d69669a98c7af15910acf1dc72737038
iniconfig==2.3.0 \
    --hash=sha256:c76315c77db068650d49c5b56314774a7804df16fee4402c1f19d6d15d8c4730 \
    --hash=sha256:f631c04d2c48c52b84d0d0549c99ff3859c98df65b3101406327ecc7d53fbf12
jinja2==3.1.6 \
    --hash=sha256:0137fb05990d35f1275a587e9aee6d56da821fc83491a0fb838183be43f66d6d \
    --hash=sha256:85ece4451f492d0c13c5dd7c13a64681a86afae63a5f347908daf103ce6d2f67
joblib==1.5.3 \
    --hash=sha256:5fc3c5039fc5ca8c0276333a188bbd59d6b7ab37fe6632daa76bc7f9ec18e713 \
    --hash=sha256:8561a3269e6801106863fd0d6d84bb737be9e7631e33aaed3fb9ce5953688da3
jsonschema==4.26.0 \
    --hash=sha256:0c26707e2efad8aa1bfc5b7ce170f3fccc2e4918ff85989ba9ffa9facb2be326 \
    --hash=sha256:d489f15263b8d200f8387e64b4c3a75f06629559fb73deb8fdfb525f2dab50ce
jsonschema-specifications==2025.9.1 \
    --hash=sha256:98802fee3a11ee76ecaca44429fda8a41bff98b00a0f2838151b113f210cc6fe \
    --hash=sha256:b540987f239e745613c7a9176f3edb72b832a4ac465cf02712288397832b5e8d
jupyter-core==5.9.1 \
    --hash=sha256:4d09aaff303b9566c3ce657f580bd089ff5c91f5f89cf7d8846c3cdf465b5508 \
    --hash=sha256:ebf87fdc6073d142e114c72c9e29a9d7ca03fad818c5d300ce2adc1fb0743407
kiwisolver==1.5.0 \
    --hash=sha256:1465387ac63576c3e125e5337a6892b9e99e0627d52317f3ca79e6930d889d15 \
    --hash=sha256:1d9daea4ea6b9be74fe2f01f7fbade8d6ffab263e781274cffca0dba9be9eec9 \
    --hash=sha256:1f1489f769582498610e015a8ef2d36f28f505ab3096d0e16b4858a9ec214f57 \
    --hash=sha256:4e9750bc21b886308024f8a54ccb9a2cc38ac9fa813bf4348434e3d54f337ff9 \
    --hash=sha256:530a3fd64c87cffa844d4b6b9768774763d9caa299e9b75d8eca6a4423b31314 \
    --hash=sha256:5ae8e62c147495b01a0f4765c878e9bfdf843412446a247e28df59936e99e797 \
    --hash=sha256:6ab8ba9152203feec73758dad83af9a0bbe05001eb4639e547207c40cfb52083 \
    --hash=sha256:72ec46b7eba5b395e0a7b63025490d3214c11013f4aacb4f5e8d6c3041829588 \
    --hash=sha256:7c60d3c9b06fb23bd9c6139281ccbdc384297579ae037f08ae90c69f6845c0b1 \
    --hash=sha256:b0f172dc8ffaccb8522d7c5d899de00133f2f1ca7b0a49b7da98e901de87bf2d \
    --hash=sha256:b2af221f268f5af85e776a73d62b0845fc8baf8ef0abfae79d29c77d0e776aaf \
    --hash=sha256:bb5136fb5352d3f422df33f0c879a1b0c204004324150cc3b5e3c4f310c9049f \
    --hash=sha256:c31c13da98624f957b0fb1b5bae5383b2333c2c3f6793d9825dd5ce79b525cb7 \
    --hash=sha256:cdee07c4d7f6d72008d3f73b9bf027f4e11550224c7c50d8df1ae4a37c1402a6 \
    --hash=sha256:d4193f3d9dc3f6f79aaed0e5637f45d98850ebf01f7ca20e69457f3e8946b66a \
    --hash=sha256:e315e5ec90d88e140f57696ff85b484ff68bb311e36f2c414aa4286293e6dee0 \
    --hash=sha256:ed3a984b31da7481b103f68776f7128a89ef26ed40f4dc41a2223cda7fb24819 \
    --hash=sha256:f18c2d9782259a6dc132fdc7a63c168cbc74b35284b6d75c673958982a378384 \
    --hash=sha256:f6764a4ccab3078db14a632420930f6186058750df066b8ea2a7106df91d3203 \
    --hash=sha256:f7c7553b13f69c1b29a5bde08ddc6d9d0c8bfb84f9ed01c30db25944aeb852a7
lazy-loader==0.5 \
    --hash=sha256:717f9179a0dbed357012ddad50a5ad3d5e4d9a0b8712680d4e687f5e6e6ed9b3 \
    --hash=sha256:ab0ea149e9c554d4ffeeb21105ac60bed7f3b4fd69b1d2360a4add51b170b005
markupsafe==3.0.3 \
    --hash=sha256:1872df69a4de6aead3491198eaf13810b565bdbeec3ae2dc8780f14458ec73ce \
    --hash=sha256:26a5784ded40c9e318cfc2bdb30fe164bdb8665ded9cd64d500a34fb42067b1c \
    --hash=sha256:35add3b638a5d900e807944a078b51922212fb3dedb01633a8defc4b01a3c85f \
    --hash=sha256:3a7e8ae81ae39e62a41ec302f972ba6ae23a5c5396c8e60113e9066ef893da0d \
    --hash=sha256:722695808f4b6457b320fdc131280796bdceb04ab50fe1795cd540799ebe1698 \
    --hash=sha256:77f0643abe7495da77fb436f50f8dab76dbc6e5fd25d39589a0f1fe6548bfa2b \
    --hash=sha256:83891d0e9fb81a825d9a6d61e3f07550ca70a076484292a70fde82c4b807286f \
    --hash=sha256:94c6f0bb423f739146aec64595853541634bde58b2135f27f61c1ffd1cd4d16a \
    --hash=sha256:be8813b57049a7dc738189df53d69395eba14fb99345e0a5994914a3864c8a4b \
    --hash=sha256:d53197da72cc091b024dd97249dfc7794d6a56530370992a5e1a08983ad9230e \
    --hash=sha256:d6dd0be5b5b189d31db7cda48b91d7e0a9795f31430b7f271219ab30f1d3ac9d \
    --hash=sha256:d88b440e37a16e651bda4c7c2b930eb586fd15ca7406cb39e211fcff3bf3017d
matplotlib==3.11.1 \
    --hash=sha256:21a67b961a6d597bca54fae826cd20695ba4a6e4d05424a08da6e13e3176fd6b \
    --hash=sha256:480194afceca4df2f137c2721227d3cba67121fbf4397b69cee7f83714b0a58a \
    --hash=sha256:69647db5746941c793d6e445a4cd349323ffb87d9cc958c2ad84a659b4832d30 \
    --hash=sha256:88a2a27dd9691ae448dfae4b26f59036be90c3c28757edd3553a29559d00859f \
    --hash=sha256:8b14eb22961fe865efb0e4ff167e333e428908b00115a8d800ccb65ee108e481 \
    --hash=sha256:ba8f811b8ddfac493734d6af0b2dff96919d0c28ca0d641858dab4262777c6ea \
    --hash=sha256:c52f7ad20ef476806ed212380b1d54d20310c8b86bdc2c9a68b51f0024a44472 \
    --hash=sha256:e15ef41507f3d525f46154ac9e3ae785dacde9f20e593a25de8986267892ef74
narwhals==2.24.0 \
    --hash=sha256:42fdedf44e5b2ca7505630d45b4ac3058f38d8485cba9fe1652ca23152df7489 \
    --hash=sha256:b5c0f684ccd9d7475b564111e319a4964abcf2baf79d3cf6b1003d06ac9b828d
nbformat==5.11.0 \
    --hash=sha256:7dbaed4a69cae28c2b4d44ab7430a6af4544fb89455023f6f21550be757b60c8 \
    --hash=sha256:f70a17f591a9ccd1c601d5e61a4b20972703926df0ba42458ce14bf575766bb6
networkx==3.6.1 \
    --hash=sha256:26b7c357accc0c8cde558ad486283728b65b6a95d85ee1cd66bafab4c8168509 \
    --hash=sha256:d47fbf302e7d9cbbb9e2555a0d267983d2aa476bac30e90dfbe5669bd57f3762
numpy==2.5.2 \
    --hash=sha256:14e373cfc6387177e8409dac3c7159be8eb05cd77096cd7c950268b86f62831c \
    --hash=sha256:27650bb0e7140fa3d37b9923b4803645e0b125d190f326eecfd3f4dad8e8ade1 \
    --hash=sha256:28ac63476ec7651484215ee7fa15a1f78b57c14621f01e392afe17b9a1390ce4 \
    --hash=sha256:3cdec01fa790a186d430433fdd4d4ffb70eed6f0eeb4bf05c8dbe2dce0a9bcb8 \
    --hash=sha256:4bbd96c833ecc8cc069ce518078fc8c60cb9cbfb0fea5b7a803ad65035596d03 \
    --hash=sha256:65f188481f1669e26f62b701e8205d19e460fa4a9b52a1414ba382330e4a3414 \
    --hash=sha256:6e8172ddfcf5cf74b811d372b570b83c60bd2de87a6fbfbebdadb4a9bd9c6cbb \
    --hash=sha256:7999d4ddb0c4025018373fd787510d46e04c769467af22869707b3c1cfd459ab \
    --hash=sha256:8ee9c4eeb8454b3660a8b53493563c3e121c2fc94fbd72b848ef814ed7b676a9 \
    --hash=sha256:c1f017dc0875c9209d219f97feceb7d54c2661bb243deb4114478e1295808af7 \
    --hash=sha256:d482d171c406ae88c5b19cad3b6a1c4c5209f886ab74bc44c2c865c23f52d860 \
    --hash=sha256:d6a48072864e3324e194a8fbb3c657bcc5b5c869dbc64c9537b1d5c862572c0a
openpyxl==3.1.5 \
    --hash=sha256:5282c12b107bffeef825f4617dc029afaf41d0ea60823bbb665ef3079dc79de2 \
    --hash=sha256:cf0e3cf56142039133628b5acffe8ef0c12bc902d2aadd3e0fe5878dc08d1050
packaging==25.0 \
    --hash=sha256:29572ef2b1f17581046b3a2227d5c611fb25ec70ca1ba8554b24b0e69331a484 \
    --hash=sha256:d443872c98d677bf60f6a1f2f8c1cb748e8fe762d2bf9d3148b5599295b0fc4f
pandas==2.3.3 \
    --hash=sha256:371a4ab48e950033bcf52b6527eccb564f52dc826c02afd9a1bc0ab731bba084 \
    --hash=sha256:3fd2f887589c7aa868e02632612ba39acb0b8948faf5cc58f0850e165bd46f35 \
    --hash=sha256:6d21f6d74eb1725c2efaa71a2bfc661a0689579b58e9c0ca58a739ff0b002b53 \
    --hash=sha256:a16dcec078a01eeef8ee61bf64074b4e524a2a3f4b3be9326420cabe59c4778b \
    --hash=sha256:a68e15f780eddf2b07d242e17a04aa187a7ee12b40b930bfdd78070556550e98 \
    --hash=sha256:b3d11d2fda7eb164ef27ffc14b4fcab16a80e1ce67e9f57e19ec0afaf715ba89 \
    --hash=sha256:e05e1af93b977f7eafa636d043f9f94c7ee3ac81af99c13508215942e64c993b \
    --hash=sha256:ecaf1e12bdc03c86ad4a7ea848d66c685cb6851d807a26aa245ca3d2017a1908
pillow==11.3.0 \
    --hash=sha256:2aceea54f957dd4448264f9bf40875da0415c83eb85f55069d89c0ed436e3542 \
    --hash=sha256:3828ee7586cd0b2091b6209e5ad53e20d0649bbe87164a459d0676e035e8f523 \
    --hash=sha256:3e184b2f26ff146363dd07bde8b711833d7b0202e27d13540bfe2e35a323a809 \
    --hash=sha256:67172f2944ebba3d4a7b54f2e95c786a3a50c21b88456329314caaa28cda70f6 \
    --hash=sha256:676b2815362456b5b3216b4fd5bd89d362100dc6f4945154ff172e206a22c024 \
    --hash=sha256:6be31e3fc9a621e071bc17bb7de63b85cbe0bfae91bb0363c893cbe67247780d \
    --hash=sha256:7b161756381f0918e05e7cb8a371fff367e807770f8fe92ecb20d905d0e1c149 \
    --hash=sha256:921bd305b10e82b4d1f5e802b6850677f965d8394203d182f078873851dada69 \
    --hash=sha256:97f07ed9f56a3b9b5f49d3661dc9607484e85c67e27f3e8be2c7d28ca032fec7 \
    --hash=sha256:a6444696fce635783440b7f7a9fc24b3ad10a9ea3f0ab66c5905be1c19ccf17d \
    --hash=sha256:eb76541cba2f958032d79d143b98a3a6b3ea87f0959bbe256c0b5e416599fd5d \
    --hash=sha256:fdae223722da47b024b867c1ea0be64e0df702c5e0a60e27daad39bf960dd1e4
platformdirs==4.11.1 \
    --hash=sha256:2efd27d363e8dd2e661639ffb398865a5e0a46442a11d266bf375a0e0c10e386 \
    --hash=sha256:bb1af68078f25e2f3e111e2d43b8d536df41b73c8a684b40bb018223b66fae27
pluggy==1.6.0 \
    --hash=sha256:7dcc130b76258d33b90f61b658791dede3486c3e6bfb003ee5c9bfb396dd22f3 \
    --hash=sha256:e920276dd6813095e9377c0bc5566d94c932c33b27a3e3945d8389c374dd4746
psutil==7.2.2 \
    --hash=sha256:0746f5f8d406af344fd547f1c8daa5f5c33dbc293bb8d6a16d80b4bb88f59372 \
    --hash=sha256:076a2d2f923fd4821644f5ba89f059523da90dc9014e85f8e45a5774ca5bc6f9 \
    --hash=sha256:1a7b04c10f32cc88ab39cbf606e117fd74721c831c98a27dc04578deb0c16979 \
    --hash=sha256:8c233660f575a5a89e6d4cb65d9f938126312bca76d8fe087b947b3a1aaac9ee \
    --hash=sha256:b0726cecd84f9474419d67252add4ac0cd9811b04d61123054b9fb6f57df6e9e \
    --hash=sha256:b58fabe35e80b264a4e3bb23e6b96f9e45a3df7fb7eed419ac0e5947c61e47cc \
    --hash=sha256:eb7e81434c8d223ec4a219b5fc1c47d0417b12be7ea866e24fb5ad6e84b3d988 \
    --hash=sha256:ed0cace939114f62738d808fdcecd4c869222507e266e574799e9c0faa17d486 \
    --hash=sha256:fd04ef36b4a6d599bbdb225dd1d3f51e00105f6d48a28f006da7f9822f2606d8
pulp==3.3.2 \
    --hash=sha256:631b166f72086971a9597f7a0233ababa99bb8d50a01cd543f7758be5a9f86c0 \
    --hash=sha256:d0904700c207ac11e25e3b1213b70eae1d6fb25faa719d75f3f15054901258c0
pyarrow==22.0.0 \
    --hash=sha256:12fe549c9b10ac98c91cf791d2945e878875d95508e1a5d14091a7aaa66d9cf8 \
    --hash=sha256:334f900ff08ce0423407af97e6c26ad5d4e3b0763645559ece6fbf3747d6a8f5 \
    --hash=sha256:3d600dc583260d845c7d8a6db540339dd883081925da2bd1c5cb808f720b3cd9 \
    --hash=sha256:44729980b6c50a5f2bfcc2668d36c569ce17f8b17bccaf470c4313dcbbf13c9d \
    --hash=sha256:ac93252226cf288753d8b46280f4edf3433bf9508b6977f8dd8526b521a1bbb9 \
    --hash=sha256:bea79263d55c24a32b0d79c00a1c58bb2ee5f0757ed95656b01c0fb310c5af3d \
    --hash=sha256:c3200cb41cdbc65156e5f8c908d739b0dfed57e890329413da2748d1a2cd1a4e \
    --hash=sha256:c6c791b09c57ed76a18b03f2631753a4960eefbbca80f846da8baefc6491fcfe
pycparser==3.0 ; implementation_name != 'PyPy' \
    --hash=sha256:600f49d217304a5902ac3c37e1281c9fe94e4d0489de643a9504c5cdfdfc6b29 \
    --hash=sha256:b727414169a36b7d524c1c3e31839a521725078d7b2ff038656844266160a992
pydantic==2.13.4 \
    --hash=sha256:45a282cde31d808236fd7ea9d919b128653c8b38b393d1c4ab335c62924d9aba \
    --hash=sha256:c40756b57adaa8b1efeeced5c196f3f3b7c435f90e84ea7f443901bec8099ef6
pydantic-core==2.46.4 \
    --hash=sha256:00c603d540afdd6b80eb39f078f33ebd46211f02f33e34a32d9f053bba711de0 \
    --hash=sha256:1d8ba486450b14f3b1d63bc521d410ec7565e52f887b9fb671791886436a42f7 \
    --hash=sha256:3009f12e4e90b7f88b4f9adb1b0c4a3d58fe7820f3238c190047209d148026df \
    --hash=sha256:3245406455a5d98187ec35530fd772b1d799b26667980872c8d4614991e2c4a2 \
    --hash=sha256:3a233125ac121aa3ffba9a2b59edfc4a985a76092dc8279586ab4b71390875e7 \
    --hash=sha256:4fc73cb559bdb54b1134a706a2802a4cddd27a0633f5abb7e53056268751ac6a \
    --hash=sha256:56cb4851bcaf3d117eddcef4fe66afd750a50274b0da8e22be256d10e5611987 \
    --hash=sha256:5b712b53160b79a5850310b912a5ef8e57e56947c8ad690c227f5c9d7e561712 \
    --hash=sha256:62f875393d7f270851f20523dd2e29f082bcc82292d66db2b64ea71f64b6e1c1 \
    --hash=sha256:8233f2947cf85404441fd7e0085f53b10c93e0ee78611099b5c7237e36aacbf7 \
    --hash=sha256:8d0820e8192167f80d88d64038e609c31452eeca865b4e1d9950a27a4609b00b \
    --hash=sha256:926c9541b14b12b1681dca8a0b75feb510b06c6341b70a8e500c2fdcff837cce \
    --hash=sha256:9401557acd873c3a7f3eb9383edef8ac4968f9510e340f4808d427e75667e7b4 \
    --hash=sha256:962ccbab7b642487b1d8b7df90ef677e03134cf1fd8880bf698649b22a69371f \
    --hash=sha256:9aa768456404a8bf48a4406685ac2bec8e72b62c69313734fa3b73cf33b3a894 \
    --hash=sha256:ad785e92e6dc634c21555edc8bd6b64957ab844541bcb96a1366c202951ae526 \
    --hash=sha256:b2f69dec1725e79a012d920df1707de5caf7ed5e08f3be4435e25803efc47458 \
    --hash=sha256:c68fcd102d71ea85c5b2dfac3f4f8476eff42a9e078fd5faefff6d145063536b \
    --hash=sha256:e9c26f834c65f5752f3f06cb08cb86a913ceb7274d0db6e267808a708b46bc89 \
    --hash=sha256:fbdb89b3e1c94a30cc5edfce477c6e6a5dc4d8f84665b455c27582f211a1c72c
pygments==2.20.0 \
    --hash=sha256:6757cd03768053ff99f3039c1a36d6c0aa0b263438fcab17520b30a303a82b5f \
    --hash=sha256:81a9e26dd42fd28a23a2d169d86d7ac03b46e2f8b59ed4698fb4785f946d0176
pyparsing==3.3.2 \
    --hash=sha256:850ba148bd908d7e2411587e247a1e4f0327839c40e2e5e6d05a007ecc69911d \
    --hash=sha256:c777f4d763f140633dcb6d8a3eda953bf7a214dc4eff598413c070bcdc117cbc
pyreadline3==3.5.6 ; sys_platform == 'win32' \
    --hash=sha256:61e53218b99656091ddb077df9e71f25850e72e030b6183b39c9b7e6e4f4a9bf \
    --hash=sha256:8449b734232e42a5dcd74048e39b60db2839a4c38cf3ae2bf7707d58b5389c0d
pytest==8.4.2 \
    --hash=sha256:86c0d0b93306b961d58d62a4db4879f27fe25513d4b969df351abdddb3c30e01 \
    --hash=sha256:872f880de3fc3a5bdc88a11b39c9710c3497a547cfa9320bc3c5e62fbf272e79
pytest-datadir==1.8.0 \
    --hash=sha256:5c677bc097d907ac71ca418109adc3abe34cf0bddfe6cf78aecfbabd96a15cf0 \
    --hash=sha256:7a15faed76cebe87cc91941dd1920a9a38eba56a09c11e9ddf1434d28a0f78eb
pytest-regressions==2.11.0 \
    --hash=sha256:d4a86092f979eb25d2403c51b2b61039781c4c7c7a364a56b9fa838872a650f7 \
    --hash=sha256:fcb2bbcfb2fda256624d434c88cb1e4003667b7e078ee4084887cf839bbdf831
python-dateutil==2.9.0.post0 \
    --hash=sha256:37dd54208da7e1cd875388217d5e00ebd4179249f90fb72437e91a35459a0ad3 \
    --hash=sha256:a8b2bc7bffae282281c8140a97d3aa9c14da0b136dfe83f850eea9a5f7470427
pytz==2026.3.post1 \
    --hash=sha256:2211d3fcf9a797d3405cac96ac7f61d80e6a644f72a3309607282fe8a2010c5d \
    --hash=sha256:dd95840dd199baea12d9cc096a1d452caa6596a1c1e4b5f3dbd1541855d5e815
pyyaml==6.0.3 \
    --hash=sha256:41715c910c881bc081f1e8872880d3c650acf13dfa8214bad49ed4cede7c34ea \
    --hash=sha256:5fcd34e47f6e0b794d17de1b4ff496c00986e1c83f7ab2fb8fcfe9616ff7477b \
    --hash=sha256:5fdec68f91a0c6739b380c83b951e2c72ac0197ace422360e6d5a959d8d97b2c \
    --hash=sha256:64386e5e707d03a7e172c0701abfb7e10f0fb753ee1d773128192742712a98fd \
    --hash=sha256:7f047e29dcae44602496db43be01ad42fc6f1cc0d8cd6c83d342306c32270196 \
    --hash=sha256:8dc52c23056b9ddd46818a57b78404882310fb473d63f17b07d5c40421e47f8e \
    --hash=sha256:9149cad251584d5fb4981be1ecde53a1ca46c891a79788c0df828d2f166bda28 \
    --hash=sha256:96b533f0e99f6579b3d4d4995707cf36df9100d67e0c8303a0c55b27b5f99bc5 \
    --hash=sha256:ba1cc08a7ccde2d2ec775841541641e4548226580ab850948cbfda66a1befcdc \
    --hash=sha256:d76623373421df22fb4cf8817020cbb7ef15c725b9d5e45f17e189bfc384190f \
    --hash=sha256:fc09d0aa354569bc501d4e787133afc08552722d3ab34836a80547331bb5d4a0
referencing==0.37.0 \
    --hash=sha256:381329a9f99628c9069361716891d34ad94af76e461dcb0335825aecc7692231 \
    --hash=sha256:44aefc3142c5b842538163acb373e24cce6632bd54bdb01b21ad5863489f50d8
requests==2.34.2 \
    --hash=sha256:2a0d60c172f83ac6ab31e4554906c0f3b3588d37b5cb939b1c061f4907e278e0 \
    --hash=sha256:f288924cae4e29463698d6d60bc6a4da69c89185ad1e0bcc4104f584e960b9ed
rpds-py==2026.6.3 \
    --hash=sha256:127565fead0a10943b282957bd5447804ff3160ad79f2ad2635e6d249e380680 \
    --hash=sha256:1cebd1337c242e4ec2293e541f712b2da849b29f48f0c293684b71c0632625d4 \
    --hash=sha256:22bffe6042b9bcb0822bcd1955ec00e245daf17b4344e4ed8e9551b976b63e96 \
    --hash=sha256:270b293dae9058fc9fcedab50f13cebf46fb8ed1d1d54e0521a9da5d6b211975 \
    --hash=sha256:2c958bf94822e9290a40aaf2a822d4bc5c88099093e3948ad6c571eca9272e5f \
    --hash=sha256:2c99f7e8ccb3dd6e3e4bfeac657a7b208c9bac8075f4b078c02d7404c34107fa \
    --hash=sha256:501f9f04a588d6a09179368c57071301445191767c64e4b52a6aa9871f1ef5ed \
    --hash=sha256:538949e262e46caa31ac01bdb3c1e8f642622922cacbabbae6a8445d9dc33eaf \
    --hash=sha256:55927d532399c2c646100ff7feb48eaa940ad70f42cd68e1328f3ded9f81ca24 \
    --hash=sha256:58eadac9cd119677b60e1cf8ac4052f35949d71b8a9e5556efccbe82533cf22a \
    --hash=sha256:62698275682bf121181861295c9181e789030a2d516071f5b8f3c23c170cd0fc \
    --hash=sha256:7491ee23305ac3eb59e492b6945881f5cd77a6f731061a3f25b77fd40f9e99a4 \
    --hash=sha256:a0811d33247c3d6128a3001d763f2aa056bb3425204335400ac54f89eec3a0d0 \
    --hash=sha256:a214c993455f99a89aaeadc9b21241900037adc9d97203e374d75513c5911822 \
    --hash=sha256:ecabd69db66de867690f9797f2f8fa27ba501bbc24540cbdbdc649cd15888ba6 \
    --hash=sha256:f56f1695bc5c0871cbc33dc0130fcf503aab0c57dcc5a6700a4f49eba4f2652e
ruff==0.16.2 \
    --hash=sha256:20e66910f2c37cc753f9ef6580c914a621b80c4fa3549d3e3521e29d0f5bfc3f \
    --hash=sha256:335c621622c4650330be50842561c6586ac6971bb8ab5407fe34dcc9efb16bbe \
    --hash=sha256:3c8de4cf2181f01d57946d87d777aa52916976fc09942aed89938fab5e013318 \
    --hash=sha256:40ea8c0594feb894e89c8c61ab9c103d38b0ea72dfde6c594107147ca31b1140 \
    --hash=sha256:4ce4e02bad779bef557f541a1b31f20d6abeae1cc05ed1b1ac019d4ffd1044c8 \
    --hash=sha256:81806b08329130005dd4a8a8394a0c9da8c6f4cafb16ba438d2a2ee6a18bedf1 \
    --hash=sha256:9a48cc05c6fbc811ca81b5d7ba95375affea6582d1b8024e455e41afbbf55344 \
    --hash=sha256:a2c0d14fcbb26c91f0f867a6dc9bd71bbc30b1b6151829c884f23faeab2e5700 \
    --hash=sha256:ab3d62dde0b19facdd632008cc4827fc28ada7736c6bd35ab6f1050f0bfed53f \
    --hash=sha256:bcabe2f6d0fc7819f1431793005af4e4de7371927d037345bf941252b195b9fa \
    --hash=sha256:bf3a63d78fb39f4bf5ac8ae52051c5520505301abe19ba4e204c453b3f09bb0b \
    --hash=sha256:c24788a980581e1d7ea3a0cbe4344c4fbeb0a6a9b1f4713aa46bb104f8294690 \
    --hash=sha256:c3d7828d12e8927a6fc65fe38e2c2541b9e762d360a1786d752cb1b8883b3c9c \
    --hash=sha256:c7e36fbfba65510548156902bcf1350a979a958ce0347ce0f90d73894036b39f \
    --hash=sha256:d614e95cedf38a2053fd351c55b103ba30d017d61688fdbfd40ee0412852a99f \
    --hash=sha256:e0422abdf70070255fc4073ce9dfc814cc03db577013761ddd09bc1e4a9a4fbd \
    --hash=sha256:e43e1f5b8388da9eca1b9e88328d47a5cec794633ccf6f7484ac2dd15eee92c0 \
    --hash=sha256:f0eab35f80df8f134aae5d1630e751901321d317cc8e50dc39e36fa3ed34cd12
scikit-image==0.25.2 \
    --hash=sha256:483bd8cc10c3d8a7a37fae36dfa5b21e239bd4ee121d91cad1f81bba10cfb0ed \
    --hash=sha256:8db8dd03663112783221bf01ccfc9512d1cc50ac9b5b0fe8f4023967564719fb \
    --hash=sha256:9d1e80107bcf2bf1291acfc0bf0425dceb8890abe9f38d8e94e23497cbf7ee0d \
    --hash=sha256:a17e17eb8562660cc0d31bb55643a4da996a81944b82c54805c91b3fe66f4824 \
    --hash=sha256:bdd2b8c1de0849964dbc54037f36b4e9420157e67e45a8709a80d727f52c7da2 \
    --hash=sha256:e5a37e6cd4d0c018a7a55b9d601357e3382826d3888c10d0213fc63bff977dde
scikit-learn==1.9.0 \
    --hash=sha256:056c92bb67ad4c28463c2f2653d9701449201e7e7a9e94e321be0f71c4fef2b8 \
    --hash=sha256:26e22435f63bcdcf396b574273f29f13dd531f5ea035801f5be10ba1540a4e60 \
    --hash=sha256:2bd41b0d201bc81575531b96b713d3eb5e5f50fb0b82101ff0f92294fdc236ac \
    --hash=sha256:4306775fad04cc4b472a1b15af1ae9cede1540fbfcc17fbce3767cd8dc7ae283 \
    --hash=sha256:5be45aa4a42a68a533913a6ed736cf309de2226411c79ef8d609a5456f1939b1 \
    --hash=sha256:5e50ed4da51974e86e940690e9a3d82e729b62b5a49f7c9bac534d515d39d86f \
    --hash=sha256:8833266989d3a5110178a9fae30783675460724d0e1efb13b14901d2c660c557
scipy==1.18.0 \
    --hash=sha256:1f55797419e16e7f30cf88ffb3113ce0467f00cfe3f70d5c281730b21769bfc2 \
    --hash=sha256:265915e79107de9f946b855e50d7470d5893ec3f54b342e1aa6201cbdcd8bb6b \
    --hash=sha256:4a55985d54c769c872e64b7f4c8a81cc30ef700cc04296abbbf3705439c126de \
    --hash=sha256:52a96e21517c7292375c0e27dd796a811f03fcea5fd4d108fdfea8145dcf17ab \
    --hash=sha256:67b2ad2ad54c72ca6d04975a9b2df8c3638c34ddd5b28738e94fc2b57929d378 \
    --hash=sha256:71ccc8faa2dd16ac310233203474a8b5cb67f10dedd54a3116d34943f4b19132 \
    --hash=sha256:7bd21faaf5a1a3b2eff922d02db5f191b99a6518db9078a8fb23169f6d22259a \
    --hash=sha256:97b6cddaaee0a779ef6b5ca83c9604b27cc16b2b8fc22c142652df8793319fb8 \
    --hash=sha256:9ab7b758be6940954a713ee466e2043e9f6e2ed965c1fce5c91039f4be3d90a9 \
    --hash=sha256:ad033410e2e0672ffdc1042110cef20e1c46f8fd0616cee1d44d8d58fad8fc11 \
    --hash=sha256:d88363fd9d8fbd3511bd273f1a49efb2a540773ddf92a91d57498ce7dd7f3e76
seaborn==0.13.2 \
    --hash=sha256:636f8336facf092165e27924f223d3c62ca560b1f2bb5dff7ab7fad265361987 \
    --hash=sha256:93e60a40988f4d65e9f4885df477e2fdaff6b73a9ded434c1ab356dd57eefff7
six==1.17.0 \
    --hash=sha256:4721f391ed90541fddacab5acf947aa0d3dc7d27b2e1e8eda2be8970586c3274 \
    --hash=sha256:ff70335d468e7eb6ec65b95b99d3a2836546063f63acc5171de367e834932a81
smart-open==7.7.1 \
    --hash=sha256:9414ba5733e28309f29b28a303b0f1054ad23fe0275f1a1b600c80a724f4bd1a \
    --hash=sha256:cb62dc45f519bf39b612564d326d2a17556f3a6056e3c3a86a07215d670d45bc
smmap==5.0.3 \
    --hash=sha256:4d9debb8b99007ae47165abc08670bd74cb74b5227dda7f643eccc4e9eb5642c \
    --hash=sha256:c106e05d5a61449cf6ba9a1e650227ecfb141590d2a98412103ff35d89fc7b2f
snakemake==9.25.1 \
    --hash=sha256:0683a5fbf0729c1e5c03f0ccf6f45164a6fa56df3b3e71cd95ee47a9943f5e78 \
    --hash=sha256:5a0486d397370a19b636fd1f734765520fa744bc5071c309e3393b62f5d87aa5
snakemake-interface-common==1.23.0 \
    --hash=sha256:43bb10102d07149f27787dfc65a7342b86ff772973e7f9ca4940c89cb412a11e \
    --hash=sha256:6ed14531a461417659364a0dd0acc51b786af4e26fc15cc5e00ff3d9fcaffacc
snakemake-interface-executor-plugins==9.4.0 \
    --hash=sha256:9d4138897beacbaadaedad94b63f948eaeb604b7fc78f9cf65ac57f090f2c066 \
    --hash=sha256:d335c093185897e4e3654a39bab3a6f1c57dc1a54f998c92bd2d88640ab4a05e
snakemake-interface-logger-plugins==2.1.0 \
    --hash=sha256:601e3e0770dd1b460c1dcb7bd33f4fc2eb8af5016634b80d985cb993f674ef46 \
    --hash=sha256:c89a00d2a398490cecd91b6dc6db8049cba93712d82e1d8f3000f3040bf3791c
snakemake-interface-report-plugins==1.3.0 \
    --hash=sha256:78da3931f70e79eef51e5645a40b172929e555fe4d86ff45d6b856e521a379db \
    --hash=sha256:fc9495298bec4e69721ab8afe6d6d88a86966fda2eeb003db56b9a88b86d5934
snakemake-interface-scheduler-plugins==2.0.2 \
    --hash=sha256:2797e8fa9019d983132c2b403f14d6fcd3c5ad4c8d8a66b984b4740a71cacc46 \
    --hash=sha256:b9ddfa508bd480711de1770dfb24f3b813cfa3cd0f862f0127ef721ae5346915
snakemake-interface-storage-plugins==4.4.1 \
    --hash=sha256:6e075f448543cc3d0cb1ee5e6e5a83af9761e7085f3ce0922011685d098f231e \
    --hash=sha256:b2b5bf05318af36955ebf2ce76c921c0fb06904ca98fb30e1657d88b7b7b6945
sqlalchemy==2.0.51 \
    --hash=sha256:1181256e0f16479691b5616d36375dc2620ad8332b25978763c3d206ad3f3f1d \
    --hash=sha256:1d21ce524ab86c23046e992a5b81cb54c21079c6df6e78b8fc77d77cac70a6b9 \
    --hash=sha256:2cf39aabdf48e87c1c2c2ed6d20d33ffa0733b3071ce9c5f66357947dd009080 \
    --hash=sha256:581921d849d6e6f994d560389192955e80e2950e18fcdfe2ccea863e01158e6e \
    --hash=sha256:7d78702b26ba1c18b2d0fb2ea940ba7f17a9581b42e8361ff93920ebbee1235a \
    --hash=sha256:804dccd8a4a6242c4e30ad961e540e18a588f6527202f2d6791b01845d59fdc9 \
    --hash=sha256:9f380393be5abeb6815f68fd39271b95127173511b6706b0a630a9995d53f8f5 \
    --hash=sha256:bb024d8b621d0be75f4f44ecc7c950450026e76d66dc8f791bb5331d7fed59d5 \
    --hash=sha256:c5d98a2709840027f5a347c3af0a7c3d5f6c1ff93af2ca1c54494e23cba8f389
sqlmodel==0.0.37 \
    --hash=sha256:2137a4045ef3fd66a917a7717ada959a1ceb3630d95e1f6aaab39dd2c0aef278 \
    --hash=sha256:d2c19327175794faf50b1ee31cc966764f55b1dedefc046450bc5741a3d68352
tabulate==0.10.0 \
    --hash=sha256:e2cfde8f79420f6deeffdeda9aaec3b6bc5abce947655d17ac662b126e48a60d \
    --hash=sha256:f0b0622e567335c8fabaaa659f1b33bcb6ddfe2e496071b743aa113f8774f2d3
tenacity==9.1.4 \
    --hash=sha256:6095a360c919085f28c6527de529e76a06ad89b23659fa881ae0649b867a9d55 \
    --hash=sha256:adb31d4c263f2bd041081ab33b498309a57c77f9acf2db65aadf0898179cf93a
threadpoolctl==3.6.0 \
    --hash=sha256:43a0b8fd5a2928500110039e43a5eed8480b918967083ea48dc3ab9f13c4a7fb \
    --hash=sha256:8ab8b4aa3491d812b623328249fab5302a68d2d71745c8a4c719a2fcaba9f44e
throttler==1.2.3 \
    --hash=sha256:241ea3e97438dec4dc2f31ddc56dbd96262787a9b1d0598adfcc0bada1134b66 \
    --hash=sha256:d2f5b0b499d62f1fc984dcac8043450b606549b0097753a9c8a707f7427c27e1
tifffile==2026.7.31 \
    --hash=sha256:79b1f4b1aba3ef3e6b6f1691a32abb62f5d7383faa52a12771c695232ba40bee \
    --hash=sha256:81adfa08012be1c478f99b83cda2f529eef8620cfbdf94fc41eef6f1d7b47dc5
tinycss2==1.5.1 \
    --hash=sha256:3415ba0f5839c062696996998176c4a3751d18b7edaaeeb658c9ce21ec150661 \
    --hash=sha256:d339d2b616ba90ccce58da8495a78f46e55d4d25f9fd71dfd526f07e7d53f957
traitlets==5.16.1 \
    --hash=sha256:ed900c2b631aa3a112811139fa97b8d2c3bad5e989656bba4b7e52c7852c18c1 \
    --hash=sha256:f775618166caa0396c8e337099240f2bd3e5e917d203b2e6fbe21a58d3cb1f6b
typing-extensions==4.16.0 \
    --hash=sha256:481caa481374e813c1b176ada14e97f1f67a4539ce9cfeb3f350d78d6370c2e8 \
    --hash=sha256:dc983d19a509c94dba722ee6abd33940f7c05a89e243c47e907eb4db6f1a43e5
typing-inspection==0.4.2 \
    --hash=sha256:4ed1cacbdc298c220f1bd249ed5287caa16f34d44ef4e9c3d0cbad5b521545e7 \
    --hash=sha256:ba561c48a67c5958007083d386c3295464928b01faa735ab8547c5692e87f464
tzdata==2026.3 \
    --hash=sha256:4a1518b8993086a7982523e071643f3c0e5f213e75b21318e78bcabfff9d1415 \
    --hash=sha256:dc096730c87af6cab1b171c9d532be840741ff5d459015e7f6947bd7d7e54931
urllib3==2.7.0 \
    --hash=sha256:231e0ec3b63ceb14667c67be60f2f2c40a518cb38b03af60abc813da26505f4c \
    --hash=sha256:9fb4c81ebbb1ce9531cce37674bbc6f1360472bc18ca9a553ede278ef7276897
webencodings==0.5.1 \
    --hash=sha256:a0af1213f3c2226497a97e2b3aa01a7e4bee4f403f95be16fc9acd2947514a78 \
    --hash=sha256:b36a1c245f2d304965eb4e0a82848379241dc04b865afcc4aab16748587e1923
wrapt==2.3.0 \
    --hash=sha256:0a45ffae742ce91a16e11cb6c7cd71e7f9994f3cbd283b962ab093f5c6dcf525 \
    --hash=sha256:1598becd30f8f2777d18564064eb4f4dbe1ab0e05a8f09786d0ef505ac782bf3 \
    --hash=sha256:392158c9a7f2ab1b8699418bfc0fe6f83548788c418b27d7bf2019ad3405cebb \
    --hash=sha256:3da470536bf9645143323dd41b32db55c6f4304ad382094c1a1da8a92061e10d \
    --hash=sha256:418f54bb09d1762db02c7009b4051149893af3153a87f92d70356703c11eea02 \
    --hash=sha256:5d221a6e6ddd302b8397433184e96b59f259f50024b854db1c411a881586b6b8 \
    --hash=sha256:67bfe2485f50368c3fcd2275fc1fd100e350d601e0058921a7c82678a465aeab \
    --hash=sha256:681a2d0eefd721998f90642762b8e75c2159ec531b20ad5e437245ea7b06a107 \
    --hash=sha256:69e477046f2237ef0bc6547544ee73008dc764ca26eff44f09e976d221b34d5d \
    --hash=sha256:cdc021cb0b62471d6aac7f2bd92f3b4658073775f9ee7fcd325c511129e7bcc8 \
    --hash=sha256:d8c7ed08477429752b8c44991f40ad7838b18332a160698740a6bfbc10d998a2 \
    --hash=sha256:e5301c35cf75655eb33498f2bd6ae8703ca19940e3167dc9cdf740c712a39c60 \
    --hash=sha256:fb8e2e6704a1e0b1b989546c69e2688371ef4a07fa5f61bde3eb6211186f5ac1
xlsxwriter==3.2.9 \
    --hash=sha256:254b1c37a368c444eac6e2f867405cc9e461b0ed97a3233b2ac1e574efb4140c \
    --hash=sha256:9a5db42bc5dff014806c58a20b9eae7322a134abb6fce3c92c181bfb275ec5b3
yte==1.9.4 \
    --hash=sha256:5dac63303d3e6bc2ebadc36ece3c3fb09343772fe6e25e9356d9baf8f9dfaf6d \
    --hash=sha256:86a47e6d722cec9419a7ac88be57d0d6c4ce28f02860393b71a66f2c674069f6
